
Microsoft Visual Studio Solution File, Format Version 12.00
# Visual Studio Version 16
VisualStudioVersion = 16.0.30907.101
MinimumVisualStudioVersion = 10.0.40219.1
Project("{FAE04EC0-301F-11D3-BF4B-00C04F79EFBC}") = "Applicatie.Web", "Applicatie\Applicatie.Web.csproj", "{8AA59D24-02E0-455D-81DD-D8DF43382535}"
EndProject
Project("{FAE04EC0-301F-11D3-BF4B-00C04F79EFBC}") = "Applicatie.Services", "Applicatie.Services\Applicatie.Services.csproj", "{31AFAA66-43F5-4297-AF7D-39EB81893CF1}"
EndProject
Project("{FAE04EC0-301F-11D3-BF4B-00C04F79EFBC}") = "Applicatie.DataAccess", "Applicatie.DataAccess\Applicatie.DataAccess.csproj", "{5EA3525E-2FED-404E-A5FF-C52BFFBB98AC}"
EndProject
Project("{FAE04EC0-301F-11D3-BF4B-00C04F79EFBC}") = "Applicatie.Models", "Applicatie.Models\Applicatie.Models.csproj", "{986F6A9B-BCC3-4A37-92F5-4DD546EDEF9A}"
EndProject
Global
	GlobalSection(SolutionConfigurationPlatforms) = preSolution
		Debug|Any CPU = Debug|Any CPU
		Release|Any CPU = Release|Any CPU
	EndGlobalSection
	GlobalSection(ProjectConfigurationPlatforms) = postSolution
		{8AA59D24-02E0-455D-81DD-D8DF43382535}.Debug|Any CPU.ActiveCfg = Debug|Any CPU
		{8AA59D24-02E0-455D-81DD-D8DF43382535}.Debug|Any CPU.Build.0 = Debug|Any CPU
		{8AA59D24-02E0-455D-81DD-D8DF43382535}.Release|Any CPU.ActiveCfg = Release|Any CPU
		{8AA59D24-02E0-455D-81DD-D8DF43382535}.Release|Any CPU.Build.0 = Release|Any CPU
		{31AFAA66-43F5-4297-AF7D-39EB81893CF1}.Debug|Any CPU.ActiveCfg = Debug|Any CPU
		{31AFAA66-43F5-4297-AF7D-39EB81893CF1}.Debug|Any CPU.Build.0 = Debug|Any CPU
		{31AFAA66-43F5-4297-AF7D-39EB81893CF1}.Release|Any CPU.ActiveCfg = Release|Any CPU
		{31AFAA66-43F5-4297-AF7D-39EB81893CF1}.Release|Any CPU.Build.0 = Release|Any CPU
		{5EA3525E-2FED-404E-A5FF-C52BFFBB98AC}.Debug|Any CPU.ActiveCfg = Debug|Any CPU
		{5EA3525E-2FED-404E-A5FF-C52BFFBB98AC}.Debug|Any CPU.Build.0 = Debug|Any CPU
		{5EA3525E-2FED-404E-A5FF-C52BFFBB98AC}.Release|Any CPU.ActiveCfg = Release|Any CPU
		{5EA3525E-2FED-404E-A5FF-C52BFFBB98AC}.Release|Any CPU.Build.0 = Release|Any CPU
		{986F6A9B-BCC3-4A37-92F5-4DD546EDEF9A}.Debug|Any CPU.ActiveCfg = Debug|Any CPU
		{986F6A9B-BCC3-4A37-92F5-4DD546EDEF9A}.Debug|Any CPU.Build.0 = Debug|Any CPU
		{986F6A9B-BCC3-4A37-92F5-4DD546EDEF9A}.Release|Any CPU.ActiveCfg = Release|Any CPU
		{986F6A9B-BCC3-4A37-92F5-4DD546EDEF9A}.Release|Any CPU.Build.0 = Release|Any CPU
	EndGlobalSection
	GlobalSection(SolutionProperties) = preSolution
		HideSolutionNode = FALSE
	EndGlobalSection
	GlobalSection(ExtensibilityGlobals) = postSolution
		SolutionGuid = {EFCCEDDD-BE6D-4F8E-8876-8B3E523BF17F}
	EndGlobalSection
EndGlobal
